{
  "originHash" : "305c4306a654bff23e6a81e2d9e823514258488d14bf3a4941a4983e2d10a623",
  "pins" : [
    {
      "identity" : "webrtc",
      "kind" : "remoteSourceControl",
      "location" : "https://github.com/stasel/WebRTC.git",
      "state" : {
        "revision" : "86dbb5cb57e4da009b859a6245b1c10d610f215a",
        "version" : "140.0.0"
      }
    }
  ],
  "version" : 3
}
